
Microsoft Visual Studio Solution File, Format Version 12.00
# Visual Studio Version 17
VisualStudioVersion = 17.6.33829.357
MinimumVisualStudioVersion = 10.0.40219.1
Project("{9A19103F-16F7-4668-BE54-9A1E7A4F7556}") = "UploadFilesApp", "UploadFilesApp\UploadFilesApp.csproj", "{120258A1-6FCA-4B31-8684-2FBB9D6148D1}"
EndProject
Project("{FAE04EC0-301F-11D3-BF4B-00C04F79EFBC}") = "UploadFilesLibrary", "UploadFilesLibrary\UploadFilesLibrary.csproj", "{D5A9DD4F-E0C8-4AFD-B325-3CCDCB1EC3E6}"
EndProject
Global
	GlobalSection(SolutionConfigurationPlatforms) = preSolution
		Debug|Any CPU = Debug|Any CPU
		Release|Any CPU = Release|Any CPU
	EndGlobalSection
	GlobalSection(ProjectConfigurationPlatforms) = postSolution
		{120258A1-6FCA-4B31-8684-2FBB9D6148D1}.Debug|Any CPU.ActiveCfg = Debug|Any CPU
		{120258A1-6FCA-4B31-8684-2FBB9D6148D1}.Debug|Any CPU.Build.0 = Debug|Any CPU
		{120258A1-6FCA-4B31-8684-2FBB9D6148D1}.Release|Any CPU.ActiveCfg = Release|Any CPU
		{120258A1-6FCA-4B31-8684-2FBB9D6148D1}.Release|Any CPU.Build.0 = Release|Any CPU
		{D5A9DD4F-E0C8-4AFD-B325-3CCDCB1EC3E6}.Debug|Any CPU.ActiveCfg = Debug|Any CPU
		{D5A9DD4F-E0C8-4AFD-B325-3CCDCB1EC3E6}.Debug|Any CPU.Build.0 = Debug|Any CPU
		{D5A9DD4F-E0C8-4AFD-B325-3CCDCB1EC3E6}.Release|Any CPU.ActiveCfg = Release|Any CPU
		{D5A9DD4F-E0C8-4AFD-B325-3CCDCB1EC3E6}.Release|Any CPU.Build.0 = Release|Any CPU
	EndGlobalSection
	GlobalSection(SolutionProperties) = preSolution
		HideSolutionNode = FALSE
	EndGlobalSection
	GlobalSection(ExtensibilityGlobals) = postSolution
		SolutionGuid = {A3352527-8A36-4636-B043-209884A8CD18}
	EndGlobalSection
EndGlobal
